
Microsoft Visual Studio Solution File, Format Version 12.00
# Visual Studio Version 17
VisualStudioVersion = 17.11.35327.3
MinimumVisualStudioVersion = 10.0.40219.1
Project("{FAE04EC0-301F-11D3-BF4B-00C04F79EFBC}") = "basics", "basics.csproj", "{11FD20A0-5799-4851-AE18-A7A4D49917EF}"
EndProject
Global
	GlobalSection(SolutionConfigurationPlatforms) = preSolution
		Debug|Any CPU = Debug|Any CPU
		Release|Any CPU = Release|Any CPU
	EndGlobalSection
	GlobalSection(ProjectConfigurationPlatforms) = postSolution
		{11FD20A0-5799-4851-AE18-A7A4D49917EF}.Debug|Any CPU.ActiveCfg = Debug|Any CPU
		{11FD20A0-5799-4851-AE18-A7A4D49917EF}.Debug|Any CPU.Build.0 = Debug|Any CPU
		{11FD20A0-5799-4851-AE18-A7A4D49917EF}.Release|Any CPU.ActiveCfg = Release|Any CPU
		{11FD20A0-5799-4851-AE18-A7A4D49917EF}.Release|Any CPU.Build.0 = Release|Any CPU
	EndGlobalSection
	GlobalSection(SolutionProperties) = preSolution
		HideSolutionNode = FALSE
	EndGlobalSection
	GlobalSection(ExtensibilityGlobals) = postSolution
		SolutionGuid = {09038EFE-1427-401A-8643-17077C63847F}
	EndGlobalSection
EndGlobal
